
Microsoft Visual Studio Solution File, Format Version 12.00
# Visual Studio Version 17
VisualStudioVersion = 17.14.36518.9 d17.14
MinimumVisualStudioVersion = 10.0.40219.1
Project("{FAE04EC0-301F-11D3-BF4B-00C04F79EFBC}") = "De3_TX1", "De3_TX1\De3_TX1.csproj", "{098C1FBD-BB65-4935-A3D0-B0977BB3C815}"
EndProject
Global
	GlobalSection(SolutionConfigurationPlatforms) = preSolution
		Debug|Any CPU = Debug|Any CPU
		Release|Any CPU = Release|Any CPU
	EndGlobalSection
	GlobalSection(ProjectConfigurationPlatforms) = postSolution
		{098C1FBD-BB65-4935-A3D0-B0977BB3C815}.Debug|Any CPU.ActiveCfg = Debug|Any CPU
		{098C1FBD-BB65-4935-A3D0-B0977BB3C815}.Debug|Any CPU.Build.0 = Debug|Any CPU
		{098C1FBD-BB65-4935-A3D0-B0977BB3C815}.Release|Any CPU.ActiveCfg = Release|Any CPU
		{098C1FBD-BB65-4935-A3D0-B0977BB3C815}.Release|Any CPU.Build.0 = Release|Any CPU
	EndGlobalSection
	GlobalSection(SolutionProperties) = preSolution
		HideSolutionNode = FALSE
	EndGlobalSection
	GlobalSection(ExtensibilityGlobals) = postSolution
		SolutionGuid = {A5C2EE23-15C1-47DA-96FE-466122D98399}
	EndGlobalSection
EndGlobal
