
Microsoft Visual Studio Solution File, Format Version 12.00
# Visual Studio Version 17
VisualStudioVersion = 17.14.36518.9 d17.14
MinimumVisualStudioVersion = 10.0.40219.1
Project("{FAE04EC0-301F-11D3-BF4B-00C04F79EFBC}") = "OnTapTX2", "OnTapTX2\OnTapTX2.csproj", "{B763AE47-1F5F-4987-8A4A-36CA7DC2BD03}"
EndProject
Global
	GlobalSection(SolutionConfigurationPlatforms) = preSolution
		Debug|Any CPU = Debug|Any CPU
		Release|Any CPU = Release|Any CPU
	EndGlobalSection
	GlobalSection(ProjectConfigurationPlatforms) = postSolution
		{B763AE47-1F5F-4987-8A4A-36CA7DC2BD03}.Debug|Any CPU.ActiveCfg = Debug|Any CPU
		{B763AE47-1F5F-4987-8A4A-36CA7DC2BD03}.Debug|Any CPU.Build.0 = Debug|Any CPU
		{B763AE47-1F5F-4987-8A4A-36CA7DC2BD03}.Release|Any CPU.ActiveCfg = Release|Any CPU
		{B763AE47-1F5F-4987-8A4A-36CA7DC2BD03}.Release|Any CPU.Build.0 = Release|Any CPU
	EndGlobalSection
	GlobalSection(SolutionProperties) = preSolution
		HideSolutionNode = FALSE
	EndGlobalSection
	GlobalSection(ExtensibilityGlobals) = postSolution
		SolutionGuid = {ECB726CB-6488-40DE-89D4-A22F5C5F49D0}
	EndGlobalSection
EndGlobal
