
Microsoft Visual Studio Solution File, Format Version 12.00
# Visual Studio Version 17
VisualStudioVersion = 17.14.36518.9 d17.14
MinimumVisualStudioVersion = 10.0.40219.1
Project("{FAE04EC0-301F-11D3-BF4B-00C04F79EFBC}") = "LuyenTapForm", "LuyenTapForm\LuyenTapForm.csproj", "{2B8D369E-0C6A-4573-82CC-7CACA17F8405}"
EndProject
Global
	GlobalSection(SolutionConfigurationPlatforms) = preSolution
		Debug|Any CPU = Debug|Any CPU
		Release|Any CPU = Release|Any CPU
	EndGlobalSection
	GlobalSection(ProjectConfigurationPlatforms) = postSolution
		{2B8D369E-0C6A-4573-82CC-7CACA17F8405}.Debug|Any CPU.ActiveCfg = Debug|Any CPU
		{2B8D369E-0C6A-4573-82CC-7CACA17F8405}.Debug|Any CPU.Build.0 = Debug|Any CPU
		{2B8D369E-0C6A-4573-82CC-7CACA17F8405}.Release|Any CPU.ActiveCfg = Release|Any CPU
		{2B8D369E-0C6A-4573-82CC-7CACA17F8405}.Release|Any CPU.Build.0 = Release|Any CPU
	EndGlobalSection
	GlobalSection(SolutionProperties) = preSolution
		HideSolutionNode = FALSE
	EndGlobalSection
	GlobalSection(ExtensibilityGlobals) = postSolution
		SolutionGuid = {AE32DF37-16C0-414D-B28C-75DB93399683}
	EndGlobalSection
EndGlobal
